
Microsoft Visual Studio Solution File, Format Version 12.00
# Visual Studio 15
VisualStudioVersion = 15.0.27004.2008
MinimumVisualStudioVersion = 10.0.40219.1
Project("{FAE04EC0-301F-11D3-BF4B-00C04F79EFBC}") = "firstVocalReco", "firstVocalReco\firstVocalReco.csproj", "{775B9917-D61A-484A-99F9-2102CBFD0FAA}"
EndProject
Global
	GlobalSection(SolutionConfigurationPlatforms) = preSolution
		Debug|Any CPU = Debug|Any CPU
		Release|Any CPU = Release|Any CPU
	EndGlobalSection
	GlobalSection(ProjectConfigurationPlatforms) = postSolution
		{775B9917-D61A-484A-99F9-2102CBFD0FAA}.Debug|Any CPU.ActiveCfg = Debug|Any CPU
		{775B9917-D61A-484A-99F9-2102CBFD0FAA}.Debug|Any CPU.Build.0 = Debug|Any CPU
		{775B9917-D61A-484A-99F9-2102CBFD0FAA}.Release|Any CPU.ActiveCfg = Release|Any CPU
		{775B9917-D61A-484A-99F9-2102CBFD0FAA}.Release|Any CPU.Build.0 = Release|Any CPU
	EndGlobalSection
	GlobalSection(SolutionProperties) = preSolution
		HideSolutionNode = FALSE
	EndGlobalSection
	GlobalSection(ExtensibilityGlobals) = postSolution
		SolutionGuid = {7D59AACB-3CCD-4CE9-AE26-33BD3B78ED21}
	EndGlobalSection
EndGlobal
